
Microsoft Visual Studio Solution File, Format Version 12.00
# Visual Studio Version 17
VisualStudioVersion = 17.0.31903.59
MinimumVisualStudioVersion = 10.0.40219.1
Project("{FAE04EC0-301F-11D3-BF4B-00C04F79EFBC}") = "SafeVault.Domain", "SafeVault.Domain\SafeVault.Domain.csproj", "{09A93F7F-5152-4AB3-BFA9-D1DC78AAB220}"
EndProject
Project("{FAE04EC0-301F-11D3-BF4B-00C04F79EFBC}") = "SafeVault.Application", "SafeVault.Application\SafeVault.Application.csproj", "{19119053-3EC7-4B84-A770-2BCCCF07B1B2}"
EndProject
Project("{FAE04EC0-301F-11D3-BF4B-00C04F79EFBC}") = "SafeVault.Infrastructure", "SafeVault.Infrastructure\SafeVault.Infrastructure.csproj", "{46EFB694-DBD2-4B7F-875F-5A4CC7B9F3EA}"
EndProject
Project("{FAE04EC0-301F-11D3-BF4B-00C04F79EFBC}") = "SafeVault.Web", "SafeVault.Web\SafeVault.Web.csproj", "{32D3CA89-16F5-4FAE-82CE-B4EA251AF7F7}"
EndProject
Project("{FAE04EC0-301F-11D3-BF4B-00C04F79EFBC}") = "SafeVault.Tests", "SafeVault.Tests\SafeVault.Tests.csproj", "{4F90C5D2-978D-4FD2-AB1F-65F9B2C59981}"
EndProject
Global
	GlobalSection(SolutionConfigurationPlatforms) = preSolution
		Debug|Any CPU = Debug|Any CPU
		Debug|x64 = Debug|x64
		Debug|x86 = Debug|x86
		Release|Any CPU = Release|Any CPU
		Release|x64 = Release|x64
		Release|x86 = Release|x86
	EndGlobalSection
	GlobalSection(ProjectConfigurationPlatforms) = postSolution
		{09A93F7F-5152-4AB3-BFA9-D1DC78AAB220}.Debug|Any CPU.ActiveCfg = Debug|Any CPU
		{09A93F7F-5152-4AB3-BFA9-D1DC78AAB220}.Debug|Any CPU.Build.0 = Debug|Any CPU
		{09A93F7F-5152-4AB3-BFA9-D1DC78AAB220}.Debug|x64.ActiveCfg = Debug|Any CPU
		{09A93F7F-5152-4AB3-BFA9-D1DC78AAB220}.Debug|x64.Build.0 = Debug|Any CPU
		{09A93F7F-5152-4AB3-BFA9-D1DC78AAB220}.Debug|x86.ActiveCfg = Debug|Any CPU
		{09A93F7F-5152-4AB3-BFA9-D1DC78AAB220}.Debug|x86.Build.0 = Debug|Any CPU
		{09A93F7F-5152-4AB3-BFA9-D1DC78AAB220}.Release|Any CPU.ActiveCfg = Release|Any CPU
		{09A93F7F-5152-4AB3-BFA9-D1DC78AAB220}.Release|Any CPU.Build.0 = Release|Any CPU
		{09A93F7F-5152-4AB3-BFA9-D1DC78AAB220}.Release|x64.ActiveCfg = Release|Any CPU
		{09A93F7F-5152-4AB3-BFA9-D1DC78AAB220}.Release|x64.Build.0 = Release|Any CPU
		{09A93F7F-5152-4AB3-BFA9-D1DC78AAB220}.Release|x86.ActiveCfg = Release|Any CPU
		{09A93F7F-5152-4AB3-BFA9-D1DC78AAB220}.Release|x86.Build.0 = Release|Any CPU
		{19119053-3EC7-4B84-A770-2BCCCF07B1B2}.Debug|Any CPU.ActiveCfg = Debug|Any CPU
		{19119053-3EC7-4B84-A770-2BCCCF07B1B2}.Debug|Any CPU.Build.0 = Debug|Any CPU
		{19119053-3EC7-4B84-A770-2BCCCF07B1B2}.Debug|x64.ActiveCfg = Debug|Any CPU
		{19119053-3EC7-4B84-A770-2BCCCF07B1B2}.Debug|x64.Build.0 = Debug|Any CPU
		{19119053-3EC7-4B84-A770-2BCCCF07B1B2}.Debug|x86.ActiveCfg = Debug|Any CPU
		{19119053-3EC7-4B84-A770-2BCCCF07B1B2}.Debug|x86.Build.0 = Debug|Any CPU
		{19119053-3EC7-4B84-A770-2BCCCF07B1B2}.Release|Any CPU.ActiveCfg = Release|Any CPU
		{19119053-3EC7-4B84-A770-2BCCCF07B1B2}.Release|Any CPU.Build.0 = Release|Any CPU
		{19119053-3EC7-4B84-A770-2BCCCF07B1B2}.Release|x64.ActiveCfg = Release|Any CPU
		{19119053-3EC7-4B84-A770-2BCCCF07B1B2}.Release|x64.Build.0 = Release|Any CPU
		{19119053-3EC7-4B84-A770-2BCCCF07B1B2}.Release|x86.ActiveCfg = Release|Any CPU
		{19119053-3EC7-4B84-A770-2BCCCF07B1B2}.Release|x86.Build.0 = Release|Any CPU
		{46EFB694-DBD2-4B7F-875F-5A4CC7B9F3EA}.Debug|Any CPU.ActiveCfg = Debug|Any CPU
		{46EFB694-DBD2-4B7F-875F-5A4CC7B9F3EA}.Debug|Any CPU.Build.0 = Debug|Any CPU
		{46EFB694-DBD2-4B7F-875F-5A4CC7B9F3EA}.Debug|x64.ActiveCfg = Debug|Any CPU
		{46EFB694-DBD2-4B7F-875F-5A4CC7B9F3EA}.Debug|x64.Build.0 = Debug|Any CPU
		{46EFB694-DBD2-4B7F-875F-5A4CC7B9F3EA}.Debug|x86.ActiveCfg = Debug|Any CPU
		{46EFB694-DBD2-4B7F-875F-5A4CC7B9F3EA}.Debug|x86.Build.0 = Debug|Any CPU
		{46EFB694-DBD2-4B7F-875F-5A4CC7B9F3EA}.Release|Any CPU.ActiveCfg = Release|Any CPU
		{46EFB694-DBD2-4B7F-875F-5A4CC7B9F3EA}.Release|Any CPU.Build.0 = Release|Any CPU
		{46EFB694-DBD2-4B7F-875F-5A4CC7B9F3EA}.Release|x64.ActiveCfg = Release|Any CPU
		{46EFB694-DBD2-4B7F-875F-5A4CC7B9F3EA}.Release|x64.Build.0 = Release|Any CPU
		{46EFB694-DBD2-4B7F-875F-5A4CC7B9F3EA}.Release|x86.ActiveCfg = Release|Any CPU
		{46EFB694-DBD2-4B7F-875F-5A4CC7B9F3EA}.Release|x86.Build.0 = Release|Any CPU
		{32D3CA89-16F5-4FAE-82CE-B4EA251AF7F7}.Debug|Any CPU.ActiveCfg = Debug|Any CPU
		{32D3CA89-16F5-4FAE-82CE-B4EA251AF7F7}.Debug|Any CPU.Build.0 = Debug|Any CPU
		{32D3CA89-16F5-4FAE-82CE-B4EA251AF7F7}.Debug|x64.ActiveCfg = Debug|Any CPU
		{32D3CA89-16F5-4FAE-82CE-B4EA251AF7F7}.Debug|x64.Build.0 = Debug|Any CPU
		{32D3CA89-16F5-4FAE-82CE-B4EA251AF7F7}.Debug|x86.ActiveCfg = Debug|Any CPU
		{32D3CA89-16F5-4FAE-82CE-B4EA251AF7F7}.Debug|x86.Build.0 = Debug|Any CPU
		{32D3CA89-16F5-4FAE-82CE-B4EA251AF7F7}.Release|Any CPU.ActiveCfg = Release|Any CPU
		{32D3CA89-16F5-4FAE-82CE-B4EA251AF7F7}.Release|Any CPU.Build.0 = Release|Any CPU
		{32D3CA89-16F5-4FAE-82CE-B4EA251AF7F7}.Release|x64.ActiveCfg = Release|Any CPU
		{32D3CA89-16F5-4FAE-82CE-B4EA251AF7F7}.Release|x64.Build.0 = Release|Any CPU
		{32D3CA89-16F5-4FAE-82CE-B4EA251AF7F7}.Release|x86.ActiveCfg = Release|Any CPU
		{32D3CA89-16F5-4FAE-82CE-B4EA251AF7F7}.Release|x86.Build.0 = Release|Any CPU
		{4F90C5D2-978D-4FD2-AB1F-65F9B2C59981}.Debug|Any CPU.ActiveCfg = Debug|Any CPU
		{4F90C5D2-978D-4FD2-AB1F-65F9B2C59981}.Debug|Any CPU.Build.0 = Debug|Any CPU
		{4F90C5D2-978D-4FD2-AB1F-65F9B2C59981}.Debug|x64.ActiveCfg = Debug|Any CPU
		{4F90C5D2-978D-4FD2-AB1F-65F9B2C59981}.Debug|x64.Build.0 = Debug|Any CPU
		{4F90C5D2-978D-4FD2-AB1F-65F9B2C59981}.Debug|x86.ActiveCfg = Debug|Any CPU
		{4F90C5D2-978D-4FD2-AB1F-65F9B2C59981}.Debug|x86.Build.0 = Debug|Any CPU
		{4F90C5D2-978D-4FD2-AB1F-65F9B2C59981}.Release|Any CPU.ActiveCfg = Release|Any CPU
		{4F90C5D2-978D-4FD2-AB1F-65F9B2C59981}.Release|Any CPU.Build.0 = Release|Any CPU
		{4F90C5D2-978D-4FD2-AB1F-65F9B2C59981}.Release|x64.ActiveCfg = Release|Any CPU
		{4F90C5D2-978D-4FD2-AB1F-65F9B2C59981}.Release|x64.Build.0 = Release|Any CPU
		{4F90C5D2-978D-4FD2-AB1F-65F9B2C59981}.Release|x86.ActiveCfg = Release|Any CPU
		{4F90C5D2-978D-4FD2-AB1F-65F9B2C59981}.Release|x86.Build.0 = Release|Any CPU
	EndGlobalSection
	GlobalSection(SolutionProperties) = preSolution
		HideSolutionNode = FALSE
	EndGlobalSection
	GlobalSection(ExtensibilityGlobals) = postSolution
		SolutionGuid = {32B782DF-DBEB-4A46-81E3-760003A5304D}
	EndGlobalSection
EndGlobal
